// !$*UTF8*$!
{
	archiveVersion = 1;
	classes = {
	};
	objectVersion = 77;
	objects = {

/* Begin PBXContainerItemProxy section */
		053D82A62CC7DE780030E5D4 /* PBXContainerItemProxy */ = {
			isa = PBXContainerItemProxy;
			containerPortal = 053D82882CC7DE740030E5D4 /* Project object */;
			proxyType = 1;
			remoteGlobalIDString = 053D828F2CC7DE740030E5D4;
			remoteInfo = LearnLock;
		};
		053D82B02CC7DE780030E5D4 /* PBXContainerItemProxy */ = {
			isa = PBXContainerItemProxy;
			containerPortal = 053D82882CC7DE740030E5D4 /* Project object */;
			proxyType = 1;
			remoteGlobalIDString = 053D828F2CC7DE740030E5D4;
			remoteInfo = LearnLock;
		};
/* End PBXContainerItemProxy section */

/* Begin PBXFileReference section */
		053D82902CC7DE740030E5D4 /* LearnLock.app */ = {isa = PBXFileReference; explicitFileType = wrapper.application; includeInIndex = 0; path = LearnLock.app; sourceTree = BUILT_PRODUCTS_DIR; };
		053D82A52CC7DE780030E5D4 /* LearnLockTests.xctest */ = {isa = PBXFileReference; explicitFileType = wrapper.cfbundle; includeInIndex = 0; path = LearnLockTests.xctest; sourceTree = BUILT_PRODUCTS_DIR; };
		053D82AF2CC7DE780030E5D4 /* LearnLockUITests.xctest */ = {isa = PBXFileReference; explicitFileType = wrapper.cfbundle; includeInIndex = 0; path = LearnLockUITests.xctest; sourceTree = BUILT_PRODUCTS_DIR; };
/* End PBXFileReference section */

/* Begin PBXFileSystemSynchronizedRootGroup section */
		053D82922CC7DE740030E5D4 /* LearnLock */ = {
			isa = PBXFileSystemSynchronizedRootGroup;
			path = LearnLock;
			sourceTree = "<group>";
		};
		053D82A82CC7DE780030E5D4 /* LearnLockTests */ = {
			isa = PBXFileSystemSynchronizedRootGroup;
			path = LearnLockTests;
			sourceTree = "<group>";
		};
		053D82B22CC7DE780030E5D4 /* LearnLockUITests */ = {
			isa = PBXFileSystemSynchronizedRootGroup;
			path = LearnLockUITests;
			sourceTree = "<group>";
		};
/* End PBXFileSystemSynchronizedRootGroup section */

/* Begin PBXFrameworksBuildPhase section */
		053D828D2CC7DE740030E5D4 /* Frameworks */ = {
			isa = PBXFrameworksBuildPhase;
			buildActionMask = 2147483647;
			files = (
			);
			runOnlyForDeploymentPostprocessing = 0;
		};
		053D82A22CC7DE780030E5D4 /* Frameworks */ = {
			isa = PBXFrameworksBuildPhase;
			buildActionMask = 2147483647;
			files = (
			);
			runOnlyForDeploymentPostprocessing = 0;
		};
		053D82AC2CC7DE780030E5D4 /* Frameworks */ = {
			isa = PBXFrameworksBuildPhase;
			buildActionMask = 2147483647;
			files = (
			);
			runOnlyForDeploymentPostprocessing = 0;
		};
/* End PBXFrameworksBuildPhase section */

/* Begin PBXGroup section */
		053D82872CC7DE740030E5D4 = {
			isa = PBXGroup;
			children = (
				053D82922CC7DE740030E5D4 /* LearnLock */,
				053D82A82CC7DE780030E5D4 /* LearnLockTests */,
				053D82B22CC7DE780030E5D4 /* LearnLockUITests */,
				053D82912CC7DE740030E5D4 /* Products */,
			);
			sourceTree = "<group>";
		};
		053D82912CC7DE740030E5D4 /* Products */ = {
			isa = PBXGroup;
			children = (
				053D82902CC7DE740030E5D4 /* LearnLock.app */,
				053D82A52CC7DE780030E5D4 /* LearnLockTests.xctest */,
				053D82AF2CC7DE780030E5D4 /* LearnLockUITests.xctest */,
			);
			name = Products;
			sourceTree = "<group>";
		};
/* End PBXGroup section */

/* Begin PBXNativeTarget section */
		053D828F2CC7DE740030E5D4 /* LearnLock */ = {
			isa = PBXNativeTarget;
			buildConfigurationList = 053D82B92CC7DE780030E5D4 /* Build configuration list for PBXNativeTarget "LearnLock" */;
			buildPhases = (
				053D828C2CC7DE740030E5D4 /* Sources */,
				053D828D2CC7DE740030E5D4 /* Frameworks */,
				053D828E2CC7DE740030E5D4 /* Resources */,
			);
			buildRules = (
			);
			dependencies = (
			);
			fileSystemSynchronizedGroups = (
				053D82922CC7DE740030E5D4 /* LearnLock */,
			);
			name = LearnLock;
			packageProductDependencies = (
			);
			productName = LearnLock;
			productReference = 053D82902CC7DE740030E5D4 /* LearnLock.app */;
			productType = "com.apple.product-type.application";
		};
		053D82A42CC7DE780030E5D4 /* LearnLockTests */ = {
			isa = PBXNativeTarget;
			buildConfigurationList = 053D82BC2CC7DE780030E5D4 /* Build configuration list for PBXNativeTarget "LearnLockTests" */;
			buildPhases = (
				053D82A12CC7DE780030E5D4 /* Sources */,
				053D82A22CC7DE780030E5D4 /* Frameworks */,
				053D82A32CC7DE780030E5D4 /* Resources */,
			);
			buildRules = (
			);
			dependencies = (
				053D82A72CC7DE780030E5D4 /* PBXTargetDependency */,
			);
			fileSystemSynchronizedGroups = (
				053D82A82CC7DE780030E5D4 /* LearnLockTests */,
			);
			name = LearnLockTests;
			packageProductDependencies = (
			);
			productName = LearnLockTests;
			productReference = 053D82A52CC7DE780030E5D4 /* LearnLockTests.xctest */;
			productType = "com.apple.product-type.bundle.unit-test";
		};
		053D82AE2CC7DE780030E5D4 /* LearnLockUITests */ = {
			isa = PBXNativeTarget;
			buildConfigurationList = 053D82BF2CC7DE780030E5D4 /* Build configuration list for PBXNativeTarget "LearnLockUITests" */;
			buildPhases = (
				053D82AB2CC7DE780030E5D4 /* Sources */,
				053D82AC2CC7DE780030E5D4 /* Frameworks */,
				053D82AD2CC7DE780030E5D4 /* Resources */,
			);
			buildRules = (
			);
			dependencies = (
				053D82B12CC7DE780030E5D4 /* PBXTargetDependency */,
			);
			fileSystemSynchronizedGroups = (
				053D82B22CC7DE780030E5D4 /* LearnLockUITests */,
			);
			name = LearnLockUITests;
			packageProductDependencies = (
			);
			productName = LearnLockUITests;
			productReference = 053D82AF2CC7DE780030E5D4 /* LearnLockUITests.xctest */;
			productType = "com.apple.product-type.bundle.ui-testing";
		};
/* End PBXNativeTarget section */

/* Begin PBXProject section */
		053D82882CC7DE740030E5D4 /* Project object */ = {
			isa = PBXProject;
			attributes = {
				BuildIndependentTargetsInParallel = 1;
				LastSwiftUpdateCheck = 1600;
				LastUpgradeCheck = 1600;
				TargetAttributes = {
					053D828F2CC7DE740030E5D4 = {
						CreatedOnToolsVersion = 16.0;
					};
					053D82A42CC7DE780030E5D4 = {
						CreatedOnToolsVersion = 16.0;
						TestTargetID = 053D828F2CC7DE740030E5D4;
					};
					053D82AE2CC7DE780030E5D4 = {
						CreatedOnToolsVersion = 16.0;
						TestTargetID = 053D828F2CC7DE740030E5D4;
					};
				};
			};
			buildConfigurationList = 053D828B2CC7DE740030E5D4 /* Build configuration list for PBXProject "LearnLock" */;
			developmentRegion = en;
			hasScannedForEncodings = 0;
			knownRegions = (
				en,
				Base,
			);
			mainGroup = 053D82872CC7DE740030E5D4;
			minimizedProjectReferenceProxies = 1;
			preferredProjectObjectVersion = 77;
			productRefGroup = 053D82912CC7DE740030E5D4 /* Products */;
			projectDirPath = "";
			projectRoot = "";
			targets = (
				053D828F2CC7DE740030E5D4 /* LearnLock */,
				053D82A42CC7DE780030E5D4 /* LearnLockTests */,
				053D82AE2CC7DE780030E5D4 /* LearnLockUITests */,
			);
		};
/* End PBXProject section */

/* Begin PBXResourcesBuildPhase section */
		053D828E2CC7DE740030E5D4 /* Resources */ = {
			isa = PBXResourcesBuildPhase;
			buildActionMask = 2147483647;
			files = (
			);
			runOnlyForDeploymentPostprocessing = 0;
		};
		053D82A32CC7DE780030E5D4 /* Resources */ = {
			isa = PBXResourcesBuildPhase;
			buildActionMask = 2147483647;
			files = (
			);
			runOnlyForDeploymentPostprocessing = 0;
		};
		053D82AD2CC7DE780030E5D4 /* Resources */ = {
			isa = PBXResourcesBuildPhase;
			buildActionMask = 2147483647;
			files = (
			);
			runOnlyForDeploymentPostprocessing = 0;
		};
/* End PBXResourcesBuildPhase section */

/* Begin PBXSourcesBuildPhase section */
		053D828C2CC7DE740030E5D4 /* Sources */ = {
			isa = PBXSourcesBuildPhase;
			buildActionMask = 2147483647;
			files = (
			);
			runOnlyForDeploymentPostprocessing = 0;
		};
		053D82A12CC7DE780030E5D4 /* Sources */ = {
			isa = PBXSourcesBuildPhase;
			buildActionMask = 2147483647;
			files = (
			);
			runOnlyForDeploymentPostprocessing = 0;
		};
		053D82AB2CC7DE780030E5D4 /* Sources */ = {
			isa = PBXSourcesBuildPhase;
			buildActionMask = 2147483647;
			files = (
			);
			runOnlyForDeploymentPostprocessing = 0;
		};
/* End PBXSourcesBuildPhase section */

/* Begin PBXTargetDependency section */
		053D82A72CC7DE780030E5D4 /* PBXTargetDependency */ = {
			isa = PBXTargetDependency;
			target = 053D828F2CC7DE740030E5D4 /* LearnLock */;
			targetProxy = 053D82A62CC7DE780030E5D4 /* PBXContainerItemProxy */;
		};
		053D82B12CC7DE780030E5D4 /* PBXTargetDependency */ = {
			isa = PBXTargetDependency;
			target = 053D828F2CC7DE740030E5D4 /* LearnLock */;
			targetProxy = 053D82B02CC7DE780030E5D4 /* PBXContainerItemProxy */;
		};
/* End PBXTargetDependency section */

/* Begin XCBuildConfiguration section */
		053D82B72CC7DE780030E5D4 /* Debug */ = {
			isa = XCBuildConfiguration;
			buildSettings = {
				ALWAYS_SEARCH_USER_PATHS = NO;
				ASSETCATALOG_COMPILER_GENERATE_SWIFT_ASSET_SYMBOL_EXTENSIONS = YES;
				CLANG_ANALYZER_NONNULL = YES;
				CLANG_ANALYZER_NUMBER_OBJECT_CONVERSION = YES_AGGRESSIVE;
				CLANG_CXX_LANGUAGE_STANDARD = "gnu++20";
				CLANG_ENABLE_MODULES = YES;
				CLANG_ENABLE_OBJC_ARC = YES;
				CLANG_ENABLE_OBJC_WEAK = YES;
				CLANG_WARN_BLOCK_CAPTURE_AUTORELEASING = YES;
				CLANG_WARN_BOOL_CONVERSION = YES;
				CLANG_WARN_COMMA = YES;
				CLANG_WARN_CONSTANT_CONVERSION = YES;
				CLANG_WARN_DEPRECATED_OBJC_IMPLEMENTATIONS = YES;
				CLANG_WARN_DIRECT_OBJC_ISA_USAGE = YES_ERROR;
				CLANG_WARN_DOCUMENTATION_COMMENTS = YES;
				CLANG_WARN_EMPTY_BODY = YES;
				CLANG_WARN_ENUM_CONVERSION = YES;
				CLANG_WARN_INFINITE_RECURSION = YES;
				CLANG_WARN_INT_CONVERSION = YES;
				CLANG_WARN_NON_LITERAL_NULL_CONVERSION = YES;
				CLANG_WARN_OBJC_IMPLICIT_RETAIN_SELF = YES;
				CLANG_WARN_OBJC_LITERAL_CONVERSION = YES;
				CLANG_WARN_OBJC_ROOT_CLASS = YES_ERROR;
				CLANG_WARN_QUOTED_INCLUDE_IN_FRAMEWORK_HEADER = YES;
				CLANG_WARN_RANGE_LOOP_ANALYSIS = YES;
				CLANG_WARN_STRICT_PROTOTYPES = YES;
				CLANG_WARN_SUSPICIOUS_MOVE = YES;
				CLANG_WARN_UNGUARDED_AVAILABILITY = YES_AGGRESSIVE;
				CLANG_WARN_UNREACHABLE_CODE = YES;
				CLANG_WARN__DUPLICATE_METHOD_MATCH = YES;
				COPY_PHASE_STRIP = NO;
				DEBUG_INFORMATION_FORMAT = dwarf;
				ENABLE_STRICT_OBJC_MSGSEND = YES;
				ENABLE_TESTABILITY = YES;
				ENABLE_USER_SCRIPT_SANDBOXING = YES;
				GCC_C_LANGUAGE_STANDARD = gnu17;
				GCC_DYNAMIC_NO_PIC = NO;
				GCC_NO_COMMON_BLOCKS = YES;
				GCC_OPTIMIZATION_LEVEL = 0;
				GCC_PREPROCESSOR_DEFINITIONS = (
					"DEBUG=1",
					"$(inherited)",
				);
				GCC_WARN_64_TO_32_BIT_CONVERSION = YES;
				GCC_WARN_ABOUT_RETURN_TYPE = YES_ERROR;
				GCC_WARN_UNDECLARED_SELECTOR = YES;
				GCC_WARN_UNINITIALIZED_AUTOS = YES_AGGRESSIVE;
				GCC_WARN_UNUSED_FUNCTION = YES;
				GCC_WARN_UNUSED_VARIABLE = YES;
				IPHONEOS_DEPLOYMENT_TARGET = 18.0;
				LOCALIZATION_PREFERS_STRING_CATALOGS = YES;
				MTL_ENABLE_DEBUG_INFO = INCLUDE_SOURCE;
				MTL_FAST_MATH = YES;
				ONLY_ACTIVE_ARCH = YES;
				SDKROOT = iphoneos;
				SWIFT_ACTIVE_COMPILATION_CONDITIONS = "DEBUG $(inherited)";
				SWIFT_OPTIMIZATION_LEVEL = "-Onone";
			};
			name = Debug;
		};
		053D82B82CC7DE780030E5D4 /* Release */ = {
			isa = XCBuildConfiguration;
			buildSettings = {
				ALWAYS_SEARCH_USER_PATHS = NO;
				ASSETCATALOG_COMPILER_GENERATE_SWIFT_ASSET_SYMBOL_EXTENSIONS = YES;
				CLANG_ANALYZER_NONNULL = YES;
				CLANG_ANALYZER_NUMBER_OBJECT_CONVERSION = YES_AGGRESSIVE;
				CLANG_CXX_LANGUAGE_STANDARD = "gnu++20";
				CLANG_ENABLE_MODULES = YES;
				CLANG_ENABLE_OBJC_ARC = YES;
				CLANG_ENABLE_OBJC_WEAK = YES;
				CLANG_WARN_BLOCK_CAPTURE_AUTORELEASING = YES;
				CLANG_WARN_BOOL_CONVERSION = YES;
				CLANG_WARN_COMMA = YES;
				CLANG_WARN_CONSTANT_CONVERSION = YES;
				CLANG_WARN_DEPRECATED_OBJC_IMPLEMENTATIONS = YES;
				CLANG_WARN_DIRECT_OBJC_ISA_USAGE = YES_ERROR;
				CLANG_WARN_DOCUMENTATION_COMMENTS = YES;
				CLANG_WARN_EMPTY_BODY = YES;
				CLANG_WARN_ENUM_CONVERSION = YES;
				CLANG_WARN_INFINITE_RECURSION = YES;
				CLANG_WARN_INT_CONVERSION = YES;
				CLANG_WARN_NON_LITERAL_NULL_CONVERSION = YES;
				CLANG_WARN_OBJC_IMPLICIT_RETAIN_SELF = YES;
				CLANG_WARN_OBJC_LITERAL_CONVERSION = YES;
				CLANG_WARN_OBJC_ROOT_CLASS = YES_ERROR;
				CLANG_WARN_QUOTED_INCLUDE_IN_FRAMEWORK_HEADER = YES;
				CLANG_WARN_RANGE_LOOP_ANALYSIS = YES;
				CLANG_WARN_STRICT_PROTOTYPES = YES;
				CLANG_WARN_SUSPICIOUS_MOVE = YES;
				CLANG_WARN_UNGUARDED_AVAILABILITY = YES_AGGRESSIVE;
				CLANG_WARN_UNREACHABLE_CODE = YES;
				CLANG_WARN__DUPLICATE_METHOD_MATCH = YES;
				COPY_PHASE_STRIP = NO;
				DEBUG_INFORMATION_FORMAT = "dwarf-with-dsym";
				ENABLE_NS_ASSERTIONS = NO;
				ENABLE_STRICT_OBJC_MSGSEND = YES;
				ENABLE_USER_SCRIPT_SANDBOXING = YES;
				GCC_C_LANGUAGE_STANDARD = gnu17;
				GCC_NO_COMMON_BLOCKS = YES;
				GCC_WARN_64_TO_32_BIT_CONVERSION = YES;
				GCC_WARN_ABOUT_RETURN_TYPE = YES_ERROR;
				GCC_WARN_UNDECLARED_SELECTOR = YES;
				GCC_WARN_UNINITIALIZED_AUTOS = YES_AGGRESSIVE;
				GCC_WARN_UNUSED_FUNCTION = YES;
				GCC_WARN_UNUSED_VARIABLE = YES;
				IPHONEOS_DEPLOYMENT_TARGET = 18.0;
				LOCALIZATION_PREFERS_STRING_CATALOGS = YES;
				MTL_ENABLE_DEBUG_INFO = NO;
				MTL_FAST_MATH = YES;
				SDKROOT = iphoneos;
				SWIFT_COMPILATION_MODE = wholemodule;
				VALIDATE_PRODUCT = YES;
			};
			name = Release;
		};
		053D82BA2CC7DE780030E5D4 /* Debug */ = {
			isa = XCBuildConfiguration;
			buildSettings = {
				ASSETCATALOG_COMPILER_APPICON_NAME = AppIcon;
				ASSETCATALOG_COMPILER_GLOBAL_ACCENT_COLOR_NAME = AccentColor;
				CODE_SIGN_STYLE = Automatic;
				CURRENT_PROJECT_VERSION = 1;
				DEVELOPMENT_ASSET_PATHS = "\"LearnLock/Preview Content\"";
				ENABLE_PREVIEWS = YES;
				GENERATE_INFOPLIST_FILE = YES;
				INFOPLIST_FILE = "$(SRCROOT)/LearnLock/Info.plist\n";
				INFOPLIST_KEY_UIApplicationSceneManifest_Generation = YES;
				INFOPLIST_KEY_UIApplicationSupportsIndirectInputEvents = YES;
				INFOPLIST_KEY_UILaunchScreen_Generation = YES;
				INFOPLIST_KEY_UISupportedInterfaceOrientations_iPad = "UIInterfaceOrientationPortrait UIInterfaceOrientationPortraitUpsideDown UIInterfaceOrientationLandscapeLeft UIInterfaceOrientationLandscapeRight";
				INFOPLIST_KEY_UISupportedInterfaceOrientations_iPhone = "UIInterfaceOrientationPortrait UIInterfaceOrientationLandscapeLeft UIInterfaceOrientationLandscapeRight";
				LD_RUNPATH_SEARCH_PATHS = (
					"$(inherited)",
					"@executable_path/Frameworks",
				);
				MARKETING_VERSION = 1.0;
				PRODUCT_BUNDLE_IDENTIFIER = com.pascarella.LearnLock;
				PRODUCT_NAME = "$(TARGET_NAME)";
				SWIFT_EMIT_LOC_STRINGS = YES;
				SWIFT_VERSION = 5.0;
				TARGETED_DEVICE_FAMILY = "1,2";
				XCCONFIG = "$(SRCROOT)/Config.xcconfig";
			};
			name = Debug;
		};
		053D82BB2CC7DE780030E5D4 /* Release */ = {
			isa = XCBuildConfiguration;
			buildSettings = {
				ASSETCATALOG_COMPILER_APPICON_NAME = AppIcon;
				ASSETCATALOG_COMPILER_GLOBAL_ACCENT_COLOR_NAME = AccentColor;
				CODE_SIGN_STYLE = Automatic;
				CURRENT_PROJECT_VERSION = 1;
				DEVELOPMENT_ASSET_PATHS = "\"LearnLock/Preview Content\"";
				ENABLE_PREVIEWS = YES;
				GENERATE_INFOPLIST_FILE = YES;
				INFOPLIST_FILE = "$(SRCROOT)/LearnLock/Info.plist\n";
				INFOPLIST_KEY_UIApplicationSceneManifest_Generation = YES;
				INFOPLIST_KEY_UIApplicationSupportsIndirectInputEvents = YES;
				INFOPLIST_KEY_UILaunchScreen_Generation = YES;
				INFOPLIST_KEY_UISupportedInterfaceOrientations_iPad = "UIInterfaceOrientationPortrait UIInterfaceOrientationPortraitUpsideDown UIInterfaceOrientationLandscapeLeft UIInterfaceOrientationLandscapeRight";
				INFOPLIST_KEY_UISupportedInterfaceOrientations_iPhone = "UIInterfaceOrientationPortrait UIInterfaceOrientationLandscapeLeft UIInterfaceOrientationLandscapeRight";
				LD_RUNPATH_SEARCH_PATHS = (
					"$(inherited)",
					"@executable_path/Frameworks",
				);
				MARKETING_VERSION = 1.0;
				PRODUCT_BUNDLE_IDENTIFIER = com.pascarella.LearnLock;
				PRODUCT_NAME = "$(TARGET_NAME)";
				SWIFT_EMIT_LOC_STRINGS = YES;
				SWIFT_VERSION = 5.0;
				TARGETED_DEVICE_FAMILY = "1,2";
				XCCONFIG = "$(SRCROOT)/Config.xcconfig";
			};
			name = Release;
		};
		053D82BD2CC7DE780030E5D4 /* Debug */ = {
			isa = XCBuildConfiguration;
			buildSettings = {
				BUNDLE_LOADER = "$(TEST_HOST)";
				CODE_SIGN_STYLE = Automatic;
				CURRENT_PROJECT_VERSION = 1;
				GENERATE_INFOPLIST_FILE = YES;
				IPHONEOS_DEPLOYMENT_TARGET = 18.0;
				MARKETING_VERSION = 1.0;
				PRODUCT_BUNDLE_IDENTIFIER = com.pascarella.LearnLockTests;
				PRODUCT_NAME = "$(TARGET_NAME)";
				SWIFT_EMIT_LOC_STRINGS = NO;
				SWIFT_VERSION = 5.0;
				TARGETED_DEVICE_FAMILY = "1,2";
				TEST_HOST = "$(BUILT_PRODUCTS_DIR)/LearnLock.app/$(BUNDLE_EXECUTABLE_FOLDER_PATH)/LearnLock";
			};
			name = Debug;
		};
		053D82BE2CC7DE780030E5D4 /* Release */ = {
			isa = XCBuildConfiguration;
			buildSettings = {
				BUNDLE_LOADER = "$(TEST_HOST)";
				CODE_SIGN_STYLE = Automatic;
				CURRENT_PROJECT_VERSION = 1;
				GENERATE_INFOPLIST_FILE = YES;
				IPHONEOS_DEPLOYMENT_TARGET = 18.0;
				MARKETING_VERSION = 1.0;
				PRODUCT_BUNDLE_IDENTIFIER = com.pascarella.LearnLockTests;
				PRODUCT_NAME = "$(TARGET_NAME)";
				SWIFT_EMIT_LOC_STRINGS = NO;
				SWIFT_VERSION = 5.0;
				TARGETED_DEVICE_FAMILY = "1,2";
				TEST_HOST = "$(BUILT_PRODUCTS_DIR)/LearnLock.app/$(BUNDLE_EXECUTABLE_FOLDER_PATH)/LearnLock";
			};
			name = Release;
		};
		053D82C02CC7DE780030E5D4 /* Debug */ = {
			isa = XCBuildConfiguration;
			buildSettings = {
				CODE_SIGN_STYLE = Automatic;
				CURRENT_PROJECT_VERSION = 1;
				GENERATE_INFOPLIST_FILE = YES;
				MARKETING_VERSION = 1.0;
				PRODUCT_BUNDLE_IDENTIFIER = com.pascarella.LearnLockUITests;
				PRODUCT_NAME = "$(TARGET_NAME)";
				SWIFT_EMIT_LOC_STRINGS = NO;
				SWIFT_VERSION = 5.0;
				TARGETED_DEVICE_FAMILY = "1,2";
				TEST_TARGET_NAME = LearnLock;
			};
			name = Debug;
		};
		053D82C12CC7DE780030E5D4 /* Release */ = {
			isa = XCBuildConfiguration;
			buildSettings = {
				CODE_SIGN_STYLE = Automatic;
				CURRENT_PROJECT_VERSION = 1;
				GENERATE_INFOPLIST_FILE = YES;
				MARKETING_VERSION = 1.0;
				PRODUCT_BUNDLE_IDENTIFIER = com.pascarella.LearnLockUITests;
				PRODUCT_NAME = "$(TARGET_NAME)";
				SWIFT_EMIT_LOC_STRINGS = NO;
				SWIFT_VERSION = 5.0;
				TARGETED_DEVICE_FAMILY = "1,2";
				TEST_TARGET_NAME = LearnLock;
			};
			name = Release;
		};
/* End XCBuildConfiguration section */

/* Begin XCConfigurationList section */
		053D828B2CC7DE740030E5D4 /* Build configuration list for PBXProject "LearnLock" */ = {
			isa = XCConfigurationList;
			buildConfigurations = (
				053D82B72CC7DE780030E5D4 /* Debug */,
				053D82B82CC7DE780030E5D4 /* Release */,
			);
			defaultConfigurationIsVisible = 0;
			defaultConfigurationName = Release;
		};
		053D82B92CC7DE780030E5D4 /* Build configuration list for PBXNativeTarget "LearnLock" */ = {
			isa = XCConfigurationList;
			buildConfigurations = (
				053D82BA2CC7DE780030E5D4 /* Debug */,
				053D82BB2CC7DE780030E5D4 /* Release */,
			);
			defaultConfigurationIsVisible = 0;
			defaultConfigurationName = Release;
		};
		053D82BC2CC7DE780030E5D4 /* Build configuration list for PBXNativeTarget "LearnLockTests" */ = {
			isa = XCConfigurationList;
			buildConfigurations = (
				053D82BD2CC7DE780030E5D4 /* Debug */,
				053D82BE2CC7DE780030E5D4 /* Release */,
			);
			defaultConfigurationIsVisible = 0;
			defaultConfigurationName = Release;
		};
		053D82BF2CC7DE780030E5D4 /* Build configuration list for PBXNativeTarget "LearnLockUITests" */ = {
			isa = XCConfigurationList;
			buildConfigurations = (
				053D82C02CC7DE780030E5D4 /* Debug */,
				053D82C12CC7DE780030E5D4 /* Release */,
			);
			defaultConfigurationIsVisible = 0;
			defaultConfigurationName = Release;
		};
/* End XCConfigurationList section */
	};
	rootObject = 053D82882CC7DE740030E5D4 /* Project object */;
}
